%{
  "amqp_client": {:hex, :amqp_client, "3.6.15", "a171f78870adc9f6b7294a2974c30ea0817f0bbcee63acb0c469650452134608", [], [{:rabbit_common, "3.6.15", [hex: :rabbit_common, repo: "hexpm", optional: false]}], "hexpm"},
  "goldrush": {:hex, :goldrush, "0.1.9", "f06e5d5f1277da5c413e84d5a2924174182fb108dabb39d5ec548b27424cd106", [], [], "hexpm"},
  "gproc": {:hex, :gproc, "0.6.1", "4579663e5677970758a05d8f65d13c3e9814ec707ad51d8dcef7294eda1a730c", [], [], "hexpm"},
  "lager": {:hex, :lager, "3.5.2", "614a8c8f67bf99b69eb264ea22121ad25511c055aaec09b086773d5108c6767f", [], [{:goldrush, "0.1.9", [hex: :goldrush, repo: "hexpm", optional: false]}], "hexpm"},
  "rabbit_common": {:hex, :rabbit_common, "3.6.15", "ae0b822c206e4a4d6a176a47fed79c69ac7ba1d031305e081088cbc424e3aacf", [], [{:recon, "2.3.2", [hex: :recon, repo: "hexpm", optional: false]}], "hexpm"},
  "recon": {:hex, :recon, "2.3.2", "4444c879be323b1b133eec5241cb84bd3821ea194c740d75617e106be4744318", [], [], "hexpm"},
}
