%{
  "amqp_client": {:hex, :amqp_client, "3.7.9", "ebef998500c31d4954e882868806258a9cebf01dd6c76804b1a2efdb454753fc", [:make, :rebar3], [{:rabbit_common, "3.7.9", [hex: :rabbit_common, repo: "hexpm", optional: false]}], "hexpm", "8e1d62dc49af1f7e5b4877674bfe6a2bd433e3cd15705b5adb4724398326ca4b"},
  "dialyxir": {:hex, :dialyxir, "0.5.1", "b331b091720fd93e878137add264bac4f644e1ddae07a70bf7062c7862c4b952", [:mix], [], "hexpm", "6c32a70ed5d452c6650916555b1f96c79af5fc4bf286997f8b15f213de786f73"},
  "earmark": {:hex, :earmark, "1.2.6", "b6da42b3831458d3ecc57314dff3051b080b9b2be88c2e5aa41cd642a5b044ed", [:mix], [], "hexpm", "b42a23e9bd92d65d16db2f75553982e58519054095356a418bb8320bbacb58b1"},
  "ex_doc": {:hex, :ex_doc, "0.19.1", "519bb9c19526ca51d326c060cb1778d4a9056b190086a8c6c115828eaccea6cf", [:mix], [{:earmark, "~> 1.1", [hex: :earmark, repo: "hexpm", optional: false]}, {:makeup_elixir, "~> 0.7", [hex: :makeup_elixir, repo: "hexpm", optional: false]}], "hexpm", "dc87f778d8260da0189a622f62790f6202af72f2f3dee6e78d91a18dd2fcd137"},
  "goldrush": {:hex, :goldrush, "0.1.9", "f06e5d5f1277da5c413e84d5a2924174182fb108dabb39d5ec548b27424cd106", [:rebar3], [], "hexpm", "99cb4128cffcb3227581e5d4d803d5413fa643f4eb96523f77d9e6937d994ceb"},
  "gproc": {:hex, :gproc, "0.8.0", "cea02c578589c61e5341fce149ea36ccef236cc2ecac8691fba408e7ea77ec2f", [:rebar3], [], "hexpm", "580adafa56463b75263ef5a5df4c86af321f68694e7786cb057fd805d1e2a7de"},
  "jsx": {:hex, :jsx, "2.9.0", "d2f6e5f069c00266cad52fb15d87c428579ea4d7d73a33669e12679e203329dd", [:mix, :rebar3], [], "hexpm", "8ee1db1cabafdd578a2776a6aaae87c2a8ce54b47b59e9ec7dab5d7eb71cd8dc"},
  "lager": {:hex, :lager, "3.6.5", "831910109f3fcb503debf658ca0538836b348c58bfbf349a6d48228096ce9040", [:rebar3], [{:goldrush, "0.1.9", [hex: :goldrush, repo: "hexpm", optional: false]}], "hexpm", "454ad6840c0a9cbb48422782431be10c99d5fe7c3a6b72c6143813d8d47a679f"},
  "makeup": {:hex, :makeup, "0.5.4", "71fbff7079cf2a6371cae11f193233842300a895c8de9d97e09c39a5d77d1f0d", [:mix], [{:nimble_parsec, "~> 0.4", [hex: :nimble_parsec, repo: "hexpm", optional: false]}], "hexpm", "8dbd9030ccb906b776ed59c34152a1ac7f4b8d8661fbbb6714360c6ff5689153"},
  "makeup_elixir": {:hex, :makeup_elixir, "0.8.1", "54a4deadaa0c6b6d467362fea29ac002420b083eb2484d9e1aa13931dbc22b58", [:mix], [{:makeup, "~> 0.5.4", [hex: :makeup, repo: "hexpm", optional: false]}], "hexpm", "a46729cd00e593b8f8ee0ad50510541202ced096c4374a6048d536661801265d"},
  "nimble_parsec": {:hex, :nimble_parsec, "0.4.0", "ee261bb53214943679422be70f1658fff573c5d0b0a1ecd0f18738944f818efe", [:mix], [], "hexpm", "ebb595e19456a72786db6dcd370d320350cb624f0b6203fcc7e23161d49b0ffb"},
  "rabbit_common": {:hex, :rabbit_common, "3.7.9", "542d2eb8ef8f76e5346b30665604d8d63b8d5cf47d1878243cec44d1642c4435", [:make, :rebar3], [{:jsx, "2.9.0", [hex: :jsx, repo: "hexpm", optional: false]}, {:lager, "3.6.5", [hex: :lager, repo: "hexpm", optional: false]}, {:ranch, "1.6.2", [hex: :ranch, repo: "hexpm", optional: false]}, {:ranch_proxy_protocol, "2.1.1", [hex: :ranch_proxy_protocol, repo: "hexpm", optional: false]}, {:recon, "2.3.6", [hex: :recon, repo: "hexpm", optional: false]}], "hexpm", "9f46265d3496b77fa9513c5f667371c38c89411dc206f2024d3ec2e183fdb14d"},
  "ranch": {:hex, :ranch, "1.6.2", "6db93c78f411ee033dbb18ba8234c5574883acb9a75af0fb90a9b82ea46afa00", [:rebar3], [], "hexpm", "0b65d1de7f1ebe96feb57803c8d698f7776b663ba10b6dcff34527e4a4f8ff43"},
  "ranch_proxy_protocol": {:hex, :ranch_proxy_protocol, "2.1.1", "3c4723327166d2d63c0405f4914e2e471c6de362cc844e9b203af5763e7c9d25", [:rebar3], [{:ranch, "1.6.2", [hex: :ranch, repo: "hexpm", optional: false]}], "hexpm", "5f33c9910c828322b57b6abfeb3ec3e2d541dd339eca74ff00c3c44ac7cb071e"},
  "recon": {:hex, :recon, "2.3.6", "2bcad0cf621fb277cabbb6413159cd3aa30265c2dee42c968697988b30108604", [:rebar3], [], "hexpm", "f55198650a8ec01d3efc04797abe550c7d023e7ff8b509f373cf933032049bd8"},
}
