{"1.2.0",
[{<<"amqp_client">>,{pkg,<<"amqp_client">>,<<"3.10.1">>},0},
 {<<"credentials_obfuscation">>,
  {pkg,<<"credentials_obfuscation">>,<<"3.0.0">>},
  2},
 {<<"goldrush">>,{pkg,<<"goldrush">>,<<"0.1.9">>},1},
 {<<"gproc">>,{pkg,<<"gproc">>,<<"0.9.0">>},0},
 {<<"jsx">>,{pkg,<<"jsx">>,<<"3.1.0">>},2},
 {<<"lager">>,{pkg,<<"lager">>,<<"3.9.2">>},0},
 {<<"rabbit_common">>,{pkg,<<"rabbit_common">>,<<"3.10.1">>},1},
 {<<"ranch">>,{pkg,<<"ranch">>,<<"1.6.2">>},1},
 {<<"ranch_proxy_protocol">>,{pkg,<<"ranch_proxy_protocol">>,<<"2.1.1">>},0},
 {<<"recon">>,{pkg,<<"recon">>,<<"2.5.2">>},2}]}.
[
{pkg_hash,[
 {<<"amqp_client">>, <<"782FD7CA94E54F4DDBF81431FA304CCFEA803595852AC2EFC6DAD3DEFED90D55">>},
 {<<"credentials_obfuscation">>, <<"CB1BCFF1B7D33286EFDBC9F73A1F40ADB1E64501E81BB9C00B67E61611BEE56A">>},
 {<<"goldrush">>, <<"F06E5D5F1277DA5C413E84D5A2924174182FB108DABB39D5EC548B27424CD106">>},
 {<<"gproc">>, <<"853CCB7805E9ADA25D227A157BA966F7B34508F386A3E7E21992B1B484230699">>},
 {<<"jsx">>, <<"D12516BAA0BB23A59BB35DCCAF02A1BD08243FCBB9EFE24F2D9D056CCFF71268">>},
 {<<"lager">>, <<"4CAB289120EB24964E3886BD22323CB5FEFE4510C076992A23AD18CF85413D8C">>},
 {<<"rabbit_common">>, <<"EAE7D0E997E9363614BE49F135358705ABF90876896F3694753AD78F869B74CD">>},
 {<<"ranch">>, <<"6DB93C78F411EE033DBB18BA8234C5574883ACB9A75AF0FB90A9B82EA46AFA00">>},
 {<<"ranch_proxy_protocol">>, <<"3C4723327166D2D63C0405F4914E2E471C6DE362CC844E9B203AF5763E7C9D25">>},
 {<<"recon">>, <<"CBA53FA8DB83AD968C9A652E09C3ED7DDCC4DA434F27C3EAA9CA47FFB2B1FF03">>}]},
{pkg_hash_ext,[
 {<<"amqp_client">>, <<"A80FEFE1E329C8FA7479E1F0D0884DA618E9F2567949F25B51580F9E35A48659">>},
 {<<"credentials_obfuscation">>, <<"BF2060C7058D4E765CDB4319EC94AD71C00D102931D667415B2CD5E991D9D038">>},
 {<<"goldrush">>, <<"99CB4128CFFCB3227581E5D4D803D5413FA643F4EB96523F77D9E6937D994CEB">>},
 {<<"gproc">>, <<"587E8AF698CCD3504CF4BA8D90F893EDE2B0F58CABB8A916E2BF9321DE3CF10B">>},
 {<<"jsx">>, <<"0C5CC8FDC11B53CC25CF65AC6705AD39E54ECC56D1C22E4ADB8F5A53FB9427F3">>},
 {<<"lager">>, <<"7F904D9E87A8CB7E66156ED31768D1C8E26EBA1D54F4BC85B1AA4AC1F6340C28">>},
 {<<"rabbit_common">>, <<"200BC226CA4EBB8B023C6C1DC0E02B31456A6F18EAA38514FDEBE2E690CF8650">>},
 {<<"ranch">>, <<"0B65D1DE7F1EBE96FEB57803C8D698F7776B663BA10B6DCFF34527E4A4F8FF43">>},
 {<<"ranch_proxy_protocol">>, <<"5F33C9910C828322B57B6ABFEB3EC3E2D541DD339ECA74FF00C3C44AC7CB071E">>},
 {<<"recon">>, <<"2C7523C8DEE91DFF41F6B3D63CBA2BD49EB6D2FE5BF1EEC0DF7F87EB5E230E1C">>}]}
].
